// !$*UTF8*$!
{
	archiveVersion = 1;
	classes = {
	};
	objectVersion = 77;
	objects = {

/* Begin PBXBuildFile section */
		8322B8E22DB8CD5300C601B8 /* Inject in Frameworks */ = {isa = PBXBuildFile; productRef = 8322B8E12DB8CD5300C601B8 /* Inject */; };
		837BA3032DB8DE5A001DC233 /* Inject in Frameworks */ = {isa = PBXBuildFile; productRef = 837BA3022DB8DE5A001DC233 /* Inject */; };
		839FA9682DB9290200927753 /* MyLibrary in Frameworks */ = {isa = PBXBuildFile; productRef = 839FA9672DB9290200927753 /* MyLibrary */; };
/* End PBXBuildFile section */

/* Begin PBXContainerItemProxy section */
		837ACCE12DBE42EF003CA0DF /* PBXContainerItemProxy */ = {
			isa = PBXContainerItemProxy;
			containerPortal = 8322B8C02DB8CD3600C601B8 /* Project object */;
			proxyType = 1;
			remoteGlobalIDString = 8322B8C72DB8CD3600C601B8;
			remoteInfo = InjectSample;
		};
/* End PBXContainerItemProxy section */

/* Begin PBXFileReference section */
		8322B8C82DB8CD3600C601B8 /* InjectSample.app */ = {isa = PBXFileReference; explicitFileType = wrapper.application; includeInIndex = 0; path = InjectSample.app; sourceTree = BUILT_PRODUCTS_DIR; };
		837ACCDD2DBE42EF003CA0DF /* InjectSampleTests.xctest */ = {isa = PBXFileReference; explicitFileType = wrapper.cfbundle; includeInIndex = 0; path = InjectSampleTests.xctest; sourceTree = BUILT_PRODUCTS_DIR; };
/* End PBXFileReference section */

/* Begin PBXFileSystemSynchronizedBuildFileExceptionSet section */
		8322B8DA2DB8CD3700C601B8 /* Exceptions for "InjectSample" folder in "InjectSample" target */ = {
			isa = PBXFileSystemSynchronizedBuildFileExceptionSet;
			membershipExceptions = (
				Info.plist,
			);
			target = 8322B8C72DB8CD3600C601B8 /* InjectSample */;
		};
/* End PBXFileSystemSynchronizedBuildFileExceptionSet section */

/* Begin PBXFileSystemSynchronizedRootGroup section */
		8322B8CA2DB8CD3600C601B8 /* InjectSample */ = {
			isa = PBXFileSystemSynchronizedRootGroup;
			exceptions = (
				8322B8DA2DB8CD3700C601B8 /* Exceptions for "InjectSample" folder in "InjectSample" target */,
			);
			path = InjectSample;
			sourceTree = "<group>";
		};
		837ACCDE2DBE42EF003CA0DF /* InjectSampleTests */ = {
			isa = PBXFileSystemSynchronizedRootGroup;
			path = InjectSampleTests;
			sourceTree = "<group>";
		};
/* End PBXFileSystemSynchronizedRootGroup section */

/* Begin PBXFrameworksBuildPhase section */
		8322B8C52DB8CD3600C601B8 /* Frameworks */ = {
			isa = PBXFrameworksBuildPhase;
			buildActionMask = 2147483647;
			files = (
				839FA9682DB9290200927753 /* MyLibrary in Frameworks */,
				8322B8E22DB8CD5300C601B8 /* Inject in Frameworks */,
				837BA3032DB8DE5A001DC233 /* Inject in Frameworks */,
			);
			runOnlyForDeploymentPostprocessing = 0;
		};
		837ACCDA2DBE42EF003CA0DF /* Frameworks */ = {
			isa = PBXFrameworksBuildPhase;
			buildActionMask = 2147483647;
			files = (
			);
			runOnlyForDeploymentPostprocessing = 0;
		};
/* End PBXFrameworksBuildPhase section */

/* Begin PBXGroup section */
		8322B8BF2DB8CD3600C601B8 = {
			isa = PBXGroup;
			children = (
				8322B8CA2DB8CD3600C601B8 /* InjectSample */,
				837ACCDE2DBE42EF003CA0DF /* InjectSampleTests */,
				8322B8C92DB8CD3600C601B8 /* Products */,
			);
			sourceTree = "<group>";
		};
		8322B8C92DB8CD3600C601B8 /* Products */ = {
			isa = PBXGroup;
			children = (
				8322B8C82DB8CD3600C601B8 /* InjectSample.app */,
				837ACCDD2DBE42EF003CA0DF /* InjectSampleTests.xctest */,
			);
			name = Products;
			sourceTree = "<group>";
		};
/* End PBXGroup section */

/* Begin PBXNativeTarget section */
		8322B8C72DB8CD3600C601B8 /* InjectSample */ = {
			isa = PBXNativeTarget;
			buildConfigurationList = 8322B8DB2DB8CD3700C601B8 /* Build configuration list for PBXNativeTarget "InjectSample" */;
			buildPhases = (
				8322B8C42DB8CD3600C601B8 /* Sources */,
				8322B8C52DB8CD3600C601B8 /* Frameworks */,
				8322B8C62DB8CD3600C601B8 /* Resources */,
			);
			buildRules = (
			);
			dependencies = (
				837BA3052DB8DE83001DC233 /* PBXTargetDependency */,
			);
			fileSystemSynchronizedGroups = (
				8322B8CA2DB8CD3600C601B8 /* InjectSample */,
			);
			name = InjectSample;
			packageProductDependencies = (
				8322B8E12DB8CD5300C601B8 /* Inject */,
				837BA3022DB8DE5A001DC233 /* Inject */,
				839FA9672DB9290200927753 /* MyLibrary */,
			);
			productName = InjectSample;
			productReference = 8322B8C82DB8CD3600C601B8 /* InjectSample.app */;
			productType = "com.apple.product-type.application";
		};
		837ACCDC2DBE42EF003CA0DF /* InjectSampleTests */ = {
			isa = PBXNativeTarget;
			buildConfigurationList = 837ACCE52DBE42EF003CA0DF /* Build configuration list for PBXNativeTarget "InjectSampleTests" */;
			buildPhases = (
				837ACCD92DBE42EF003CA0DF /* Sources */,
				837ACCDA2DBE42EF003CA0DF /* Frameworks */,
				837ACCDB2DBE42EF003CA0DF /* Resources */,
			);
			buildRules = (
			);
			dependencies = (
				837ACCE22DBE42EF003CA0DF /* PBXTargetDependency */,
			);
			fileSystemSynchronizedGroups = (
				837ACCDE2DBE42EF003CA0DF /* InjectSampleTests */,
			);
			name = InjectSampleTests;
			packageProductDependencies = (
			);
			productName = InjectSampleTests;
			productReference = 837ACCDD2DBE42EF003CA0DF /* InjectSampleTests.xctest */;
			productType = "com.apple.product-type.bundle.unit-test";
		};
/* End PBXNativeTarget section */

/* Begin PBXProject section */
		8322B8C02DB8CD3600C601B8 /* Project object */ = {
			isa = PBXProject;
			attributes = {
				BuildIndependentTargetsInParallel = 1;
				LastSwiftUpdateCheck = 1600;
				LastUpgradeCheck = 1600;
				TargetAttributes = {
					8322B8C72DB8CD3600C601B8 = {
						CreatedOnToolsVersion = 16.0;
					};
					837ACCDC2DBE42EF003CA0DF = {
						CreatedOnToolsVersion = 16.0;
						TestTargetID = 8322B8C72DB8CD3600C601B8;
					};
				};
			};
			buildConfigurationList = 8322B8C32DB8CD3600C601B8 /* Build configuration list for PBXProject "InjectSample" */;
			developmentRegion = en;
			hasScannedForEncodings = 0;
			knownRegions = (
				en,
				Base,
			);
			mainGroup = 8322B8BF2DB8CD3600C601B8;
			minimizedProjectReferenceProxies = 1;
			packageReferences = (
				837BA3012DB8DE5A001DC233 /* XCLocalSwiftPackageReference "../../Inject" */,
				839FA9662DB9290200927753 /* XCLocalSwiftPackageReference "MyLibrary" */,
			);
			preferredProjectObjectVersion = 77;
			productRefGroup = 8322B8C92DB8CD3600C601B8 /* Products */;
			projectDirPath = "";
			projectRoot = "";
			targets = (
				8322B8C72DB8CD3600C601B8 /* InjectSample */,
				837ACCDC2DBE42EF003CA0DF /* InjectSampleTests */,
			);
		};
/* End PBXProject section */

/* Begin PBXResourcesBuildPhase section */
		8322B8C62DB8CD3600C601B8 /* Resources */ = {
			isa = PBXResourcesBuildPhase;
			buildActionMask = 2147483647;
			files = (
			);
			runOnlyForDeploymentPostprocessing = 0;
		};
		837ACCDB2DBE42EF003CA0DF /* Resources */ = {
			isa = PBXResourcesBuildPhase;
			buildActionMask = 2147483647;
			files = (
			);
			runOnlyForDeploymentPostprocessing = 0;
		};
/* End PBXResourcesBuildPhase section */

/* Begin PBXSourcesBuildPhase section */
		8322B8C42DB8CD3600C601B8 /* Sources */ = {
			isa = PBXSourcesBuildPhase;
			buildActionMask = 2147483647;
			files = (
			);
			runOnlyForDeploymentPostprocessing = 0;
		};
		837ACCD92DBE42EF003CA0DF /* Sources */ = {
			isa = PBXSourcesBuildPhase;
			buildActionMask = 2147483647;
			files = (
			);
			runOnlyForDeploymentPostprocessing = 0;
		};
/* End PBXSourcesBuildPhase section */

/* Begin PBXTargetDependency section */
		837ACCE22DBE42EF003CA0DF /* PBXTargetDependency */ = {
			isa = PBXTargetDependency;
			target = 8322B8C72DB8CD3600C601B8 /* InjectSample */;
			targetProxy = 837ACCE12DBE42EF003CA0DF /* PBXContainerItemProxy */;
		};
		837BA3052DB8DE83001DC233 /* PBXTargetDependency */ = {
			isa = PBXTargetDependency;
			productRef = 837BA3042DB8DE83001DC233 /* InjectGenerator */;
		};
/* End PBXTargetDependency section */

/* Begin XCBuildConfiguration section */
		8322B8DC2DB8CD3700C601B8 /* Debug */ = {
			isa = XCBuildConfiguration;
			buildSettings = {
				ASSETCATALOG_COMPILER_APPICON_NAME = AppIcon;
				ASSETCATALOG_COMPILER_GLOBAL_ACCENT_COLOR_NAME = AccentColor;
				CODE_SIGN_STYLE = Automatic;
				CURRENT_PROJECT_VERSION = 1;
				DEVELOPMENT_TEAM = Z5GH44G8KH;
				GENERATE_INFOPLIST_FILE = YES;
				INFOPLIST_FILE = InjectSample/Info.plist;
				INFOPLIST_KEY_UIApplicationSupportsIndirectInputEvents = YES;
				INFOPLIST_KEY_UILaunchStoryboardName = LaunchScreen;
				INFOPLIST_KEY_UIMainStoryboardFile = Main;
				INFOPLIST_KEY_UISupportedInterfaceOrientations_iPad = "UIInterfaceOrientationPortrait UIInterfaceOrientationPortraitUpsideDown UIInterfaceOrientationLandscapeLeft UIInterfaceOrientationLandscapeRight";
				INFOPLIST_KEY_UISupportedInterfaceOrientations_iPhone = "UIInterfaceOrientationPortrait UIInterfaceOrientationLandscapeLeft UIInterfaceOrientationLandscapeRight";
				LD_RUNPATH_SEARCH_PATHS = (
					"$(inherited)",
					"@executable_path/Frameworks",
				);
				MARKETING_VERSION = 1.0;
				PRODUCT_BUNDLE_IDENTIFIER = com.pyarandi.InjectSample;
				PRODUCT_NAME = "$(TARGET_NAME)";
				SWIFT_EMIT_LOC_STRINGS = YES;
				SWIFT_VERSION = 5.0;
				TARGETED_DEVICE_FAMILY = "1,2";
			};
			name = Debug;
		};
		8322B8DD2DB8CD3700C601B8 /* Release */ = {
			isa = XCBuildConfiguration;
			buildSettings = {
				ASSETCATALOG_COMPILER_APPICON_NAME = AppIcon;
				ASSETCATALOG_COMPILER_GLOBAL_ACCENT_COLOR_NAME = AccentColor;
				CODE_SIGN_STYLE = Automatic;
				CURRENT_PROJECT_VERSION = 1;
				DEVELOPMENT_TEAM = Z5GH44G8KH;
				GENERATE_INFOPLIST_FILE = YES;
				INFOPLIST_FILE = InjectSample/Info.plist;
				INFOPLIST_KEY_UIApplicationSupportsIndirectInputEvents = YES;
				INFOPLIST_KEY_UILaunchStoryboardName = LaunchScreen;
				INFOPLIST_KEY_UIMainStoryboardFile = Main;
				INFOPLIST_KEY_UISupportedInterfaceOrientations_iPad = "UIInterfaceOrientationPortrait UIInterfaceOrientationPortraitUpsideDown UIInterfaceOrientationLandscapeLeft UIInterfaceOrientationLandscapeRight";
				INFOPLIST_KEY_UISupportedInterfaceOrientations_iPhone = "UIInterfaceOrientationPortrait UIInterfaceOrientationLandscapeLeft UIInterfaceOrientationLandscapeRight";
				LD_RUNPATH_SEARCH_PATHS = (
					"$(inherited)",
					"@executable_path/Frameworks",
				);
				MARKETING_VERSION = 1.0;
				PRODUCT_BUNDLE_IDENTIFIER = com.pyarandi.InjectSample;
				PRODUCT_NAME = "$(TARGET_NAME)";
				SWIFT_EMIT_LOC_STRINGS = YES;
				SWIFT_VERSION = 5.0;
				TARGETED_DEVICE_FAMILY = "1,2";
			};
			name = Release;
		};
		8322B8DE2DB8CD3700C601B8 /* Debug */ = {
			isa = XCBuildConfiguration;
			buildSettings = {
				ALWAYS_SEARCH_USER_PATHS = NO;
				ASSETCATALOG_COMPILER_GENERATE_SWIFT_ASSET_SYMBOL_EXTENSIONS = YES;
				CLANG_ANALYZER_NONNULL = YES;
				CLANG_ANALYZER_NUMBER_OBJECT_CONVERSION = YES_AGGRESSIVE;
				CLANG_CXX_LANGUAGE_STANDARD = "gnu++20";
				CLANG_ENABLE_MODULES = YES;
				CLANG_ENABLE_OBJC_ARC = YES;
				CLANG_ENABLE_OBJC_WEAK = YES;
				CLANG_WARN_BLOCK_CAPTURE_AUTORELEASING = YES;
				CLANG_WARN_BOOL_CONVERSION = YES;
				CLANG_WARN_COMMA = YES;
				CLANG_WARN_CONSTANT_CONVERSION = YES;
				CLANG_WARN_DEPRECATED_OBJC_IMPLEMENTATIONS = YES;
				CLANG_WARN_DIRECT_OBJC_ISA_USAGE = YES_ERROR;
				CLANG_WARN_DOCUMENTATION_COMMENTS = YES;
				CLANG_WARN_EMPTY_BODY = YES;
				CLANG_WARN_ENUM_CONVERSION = YES;
				CLANG_WARN_INFINITE_RECURSION = YES;
				CLANG_WARN_INT_CONVERSION = YES;
				CLANG_WARN_NON_LITERAL_NULL_CONVERSION = YES;
				CLANG_WARN_OBJC_IMPLICIT_RETAIN_SELF = YES;
				CLANG_WARN_OBJC_LITERAL_CONVERSION = YES;
				CLANG_WARN_OBJC_ROOT_CLASS = YES_ERROR;
				CLANG_WARN_QUOTED_INCLUDE_IN_FRAMEWORK_HEADER = YES;
				CLANG_WARN_RANGE_LOOP_ANALYSIS = YES;
				CLANG_WARN_STRICT_PROTOTYPES = YES;
				CLANG_WARN_SUSPICIOUS_MOVE = YES;
				CLANG_WARN_UNGUARDED_AVAILABILITY = YES_AGGRESSIVE;
				CLANG_WARN_UNREACHABLE_CODE = YES;
				CLANG_WARN__DUPLICATE_METHOD_MATCH = YES;
				COPY_PHASE_STRIP = NO;
				DEBUG_INFORMATION_FORMAT = dwarf;
				ENABLE_STRICT_OBJC_MSGSEND = YES;
				ENABLE_TESTABILITY = YES;
				ENABLE_USER_SCRIPT_SANDBOXING = YES;
				GCC_C_LANGUAGE_STANDARD = gnu17;
				GCC_DYNAMIC_NO_PIC = NO;
				GCC_NO_COMMON_BLOCKS = YES;
				GCC_OPTIMIZATION_LEVEL = 0;
				GCC_PREPROCESSOR_DEFINITIONS = (
					"DEBUG=1",
					"$(inherited)",
				);
				GCC_WARN_64_TO_32_BIT_CONVERSION = YES;
				GCC_WARN_ABOUT_RETURN_TYPE = YES_ERROR;
				GCC_WARN_UNDECLARED_SELECTOR = YES;
				GCC_WARN_UNINITIALIZED_AUTOS = YES_AGGRESSIVE;
				GCC_WARN_UNUSED_FUNCTION = YES;
				GCC_WARN_UNUSED_VARIABLE = YES;
				IPHONEOS_DEPLOYMENT_TARGET = 18.0;
				LOCALIZATION_PREFERS_STRING_CATALOGS = YES;
				MTL_ENABLE_DEBUG_INFO = INCLUDE_SOURCE;
				MTL_FAST_MATH = YES;
				ONLY_ACTIVE_ARCH = YES;
				SDKROOT = iphoneos;
				SWIFT_ACTIVE_COMPILATION_CONDITIONS = "DEBUG $(inherited)";
				SWIFT_OPTIMIZATION_LEVEL = "-Onone";
			};
			name = Debug;
		};
		8322B8DF2DB8CD3700C601B8 /* Release */ = {
			isa = XCBuildConfiguration;
			buildSettings = {
				ALWAYS_SEARCH_USER_PATHS = NO;
				ASSETCATALOG_COMPILER_GENERATE_SWIFT_ASSET_SYMBOL_EXTENSIONS = YES;
				CLANG_ANALYZER_NONNULL = YES;
				CLANG_ANALYZER_NUMBER_OBJECT_CONVERSION = YES_AGGRESSIVE;
				CLANG_CXX_LANGUAGE_STANDARD = "gnu++20";
				CLANG_ENABLE_MODULES = YES;
				CLANG_ENABLE_OBJC_ARC = YES;
				CLANG_ENABLE_OBJC_WEAK = YES;
				CLANG_WARN_BLOCK_CAPTURE_AUTORELEASING = YES;
				CLANG_WARN_BOOL_CONVERSION = YES;
				CLANG_WARN_COMMA = YES;
				CLANG_WARN_CONSTANT_CONVERSION = YES;
				CLANG_WARN_DEPRECATED_OBJC_IMPLEMENTATIONS = YES;
				CLANG_WARN_DIRECT_OBJC_ISA_USAGE = YES_ERROR;
				CLANG_WARN_DOCUMENTATION_COMMENTS = YES;
				CLANG_WARN_EMPTY_BODY = YES;
				CLANG_WARN_ENUM_CONVERSION = YES;
				CLANG_WARN_INFINITE_RECURSION = YES;
				CLANG_WARN_INT_CONVERSION = YES;
				CLANG_WARN_NON_LITERAL_NULL_CONVERSION = YES;
				CLANG_WARN_OBJC_IMPLICIT_RETAIN_SELF = YES;
				CLANG_WARN_OBJC_LITERAL_CONVERSION = YES;
				CLANG_WARN_OBJC_ROOT_CLASS = YES_ERROR;
				CLANG_WARN_QUOTED_INCLUDE_IN_FRAMEWORK_HEADER = YES;
				CLANG_WARN_RANGE_LOOP_ANALYSIS = YES;
				CLANG_WARN_STRICT_PROTOTYPES = YES;
				CLANG_WARN_SUSPICIOUS_MOVE = YES;
				CLANG_WARN_UNGUARDED_AVAILABILITY = YES_AGGRESSIVE;
				CLANG_WARN_UNREACHABLE_CODE = YES;
				CLANG_WARN__DUPLICATE_METHOD_MATCH = YES;
				COPY_PHASE_STRIP = NO;
				DEBUG_INFORMATION_FORMAT = "dwarf-with-dsym";
				ENABLE_NS_ASSERTIONS = NO;
				ENABLE_STRICT_OBJC_MSGSEND = YES;
				ENABLE_USER_SCRIPT_SANDBOXING = YES;
				GCC_C_LANGUAGE_STANDARD = gnu17;
				GCC_NO_COMMON_BLOCKS = YES;
				GCC_WARN_64_TO_32_BIT_CONVERSION = YES;
				GCC_WARN_ABOUT_RETURN_TYPE = YES_ERROR;
				GCC_WARN_UNDECLARED_SELECTOR = YES;
				GCC_WARN_UNINITIALIZED_AUTOS = YES_AGGRESSIVE;
				GCC_WARN_UNUSED_FUNCTION = YES;
				GCC_WARN_UNUSED_VARIABLE = YES;
				IPHONEOS_DEPLOYMENT_TARGET = 18.0;
				LOCALIZATION_PREFERS_STRING_CATALOGS = YES;
				MTL_ENABLE_DEBUG_INFO = NO;
				MTL_FAST_MATH = YES;
				SDKROOT = iphoneos;
				SWIFT_COMPILATION_MODE = wholemodule;
				VALIDATE_PRODUCT = YES;
			};
			name = Release;
		};
		837ACCE32DBE42EF003CA0DF /* Debug */ = {
			isa = XCBuildConfiguration;
			buildSettings = {
				BUNDLE_LOADER = "$(TEST_HOST)";
				CODE_SIGN_STYLE = Automatic;
				CURRENT_PROJECT_VERSION = 1;
				DEVELOPMENT_TEAM = Z5GH44G8KH;
				GENERATE_INFOPLIST_FILE = YES;
				MARKETING_VERSION = 1.0;
				PRODUCT_BUNDLE_IDENTIFIER = com.pyarandi.InjectSampleTests;
				PRODUCT_NAME = "$(TARGET_NAME)";
				SWIFT_EMIT_LOC_STRINGS = NO;
				SWIFT_VERSION = 5.0;
				TARGETED_DEVICE_FAMILY = "1,2";
				TEST_HOST = "$(BUILT_PRODUCTS_DIR)/InjectSample.app/$(BUNDLE_EXECUTABLE_FOLDER_PATH)/InjectSample";
			};
			name = Debug;
		};
		837ACCE42DBE42EF003CA0DF /* Release */ = {
			isa = XCBuildConfiguration;
			buildSettings = {
				BUNDLE_LOADER = "$(TEST_HOST)";
				CODE_SIGN_STYLE = Automatic;
				CURRENT_PROJECT_VERSION = 1;
				DEVELOPMENT_TEAM = Z5GH44G8KH;
				GENERATE_INFOPLIST_FILE = YES;
				MARKETING_VERSION = 1.0;
				PRODUCT_BUNDLE_IDENTIFIER = com.pyarandi.InjectSampleTests;
				PRODUCT_NAME = "$(TARGET_NAME)";
				SWIFT_EMIT_LOC_STRINGS = NO;
				SWIFT_VERSION = 5.0;
				TARGETED_DEVICE_FAMILY = "1,2";
				TEST_HOST = "$(BUILT_PRODUCTS_DIR)/InjectSample.app/$(BUNDLE_EXECUTABLE_FOLDER_PATH)/InjectSample";
			};
			name = Release;
		};
/* End XCBuildConfiguration section */

/* Begin XCConfigurationList section */
		8322B8C32DB8CD3600C601B8 /* Build configuration list for PBXProject "InjectSample" */ = {
			isa = XCConfigurationList;
			buildConfigurations = (
				8322B8DE2DB8CD3700C601B8 /* Debug */,
				8322B8DF2DB8CD3700C601B8 /* Release */,
			);
			defaultConfigurationIsVisible = 0;
			defaultConfigurationName = Release;
		};
		8322B8DB2DB8CD3700C601B8 /* Build configuration list for PBXNativeTarget "InjectSample" */ = {
			isa = XCConfigurationList;
			buildConfigurations = (
				8322B8DC2DB8CD3700C601B8 /* Debug */,
				8322B8DD2DB8CD3700C601B8 /* Release */,
			);
			defaultConfigurationIsVisible = 0;
			defaultConfigurationName = Release;
		};
		837ACCE52DBE42EF003CA0DF /* Build configuration list for PBXNativeTarget "InjectSampleTests" */ = {
			isa = XCConfigurationList;
			buildConfigurations = (
				837ACCE32DBE42EF003CA0DF /* Debug */,
				837ACCE42DBE42EF003CA0DF /* Release */,
			);
			defaultConfigurationIsVisible = 0;
			defaultConfigurationName = Release;
		};
/* End XCConfigurationList section */

/* Begin XCLocalSwiftPackageReference section */
		837BA3012DB8DE5A001DC233 /* XCLocalSwiftPackageReference "../../Inject" */ = {
			isa = XCLocalSwiftPackageReference;
			relativePath = ../../Inject;
		};
		839FA9662DB9290200927753 /* XCLocalSwiftPackageReference "MyLibrary" */ = {
			isa = XCLocalSwiftPackageReference;
			relativePath = MyLibrary;
		};
/* End XCLocalSwiftPackageReference section */

/* Begin XCSwiftPackageProductDependency section */
		8322B8E12DB8CD5300C601B8 /* Inject */ = {
			isa = XCSwiftPackageProductDependency;
			productName = Inject;
		};
		837BA3022DB8DE5A001DC233 /* Inject */ = {
			isa = XCSwiftPackageProductDependency;
			productName = Inject;
		};
		837BA3042DB8DE83001DC233 /* InjectGenerator */ = {
			isa = XCSwiftPackageProductDependency;
			package = 837BA3012DB8DE5A001DC233 /* XCLocalSwiftPackageReference "../../Inject" */;
			productName = "plugin:InjectGenerator";
		};
		839FA9672DB9290200927753 /* MyLibrary */ = {
			isa = XCSwiftPackageProductDependency;
			productName = MyLibrary;
		};
/* End XCSwiftPackageProductDependency section */
	};
	rootObject = 8322B8C02DB8CD3600C601B8 /* Project object */;
}
